PODS:
  - AdMob (6.4.2)
  - MUKAdMobViewController (1.1.1):
    - AdMob (~> 6.4)

DEPENDENCIES:
  - MUKAdMobViewController (from `..`)

EXTERNAL SOURCES:
  MUKAdMobViewController:
    :path: ..

SPEC CHECKSUMS:
  AdMob: 44f411d138329b8db372997d9958e62cd33c2fa2
  MUKAdMobViewController: 0491a59399d44a317c0bbd1761f536b0e116f279

COCOAPODS: 0.22.2
