PODS:
  - Google-Mobile-Ads-SDK (6.12.2)
  - MUKAdMobViewController (1.2.4):
    - Google-Mobile-Ads-SDK (~> 6.6)

DEPENDENCIES:
  - MUKAdMobViewController (from `..`)

EXTERNAL SOURCES:
  MUKAdMobViewController:
    :path: ..

SPEC CHECKSUMS:
  Google-Mobile-Ads-SDK: 40217793219e3466f24cb884d1d44023f37a20ee
  MUKAdMobViewController: 66d30b0649cfa965c5703c499b9c02e39ab4ea7a

COCOAPODS: 0.37.2
