PODS:
  - Google-Mobile-Ads-SDK (6.6.1)
  - MUKAdMobViewController (1.1.1):
    - Google-Mobile-Ads-SDK (~> 6.6.1)

DEPENDENCIES:
  - MUKAdMobViewController (from `..`)

EXTERNAL SOURCES:
  MUKAdMobViewController:
    :path: ..

SPEC CHECKSUMS:
  Google-Mobile-Ads-SDK: edd71358f4ac3c7a09e5614728e19957dd91c017
  MUKAdMobViewController: c2e116d7261e1b13d9b5456beff62c2a58b2806b

COCOAPODS: 0.28.0
